
Microsoft Visual Studio Solution File, Format Version 12.00
# Visual Studio 14
VisualStudioVersion = 14.0.25420.1
MinimumVisualStudioVersion = 10.0.40219.1
Project("{D954291E-2A0B-460D-934E-DC6B0785DB48}") = "Aura.Core", "Aura.Core\Aura.Core.shproj", "{3C16AF16-330B-48E5-96D5-7F281543E0B4}"
EndProject
Project("{FAE04EC0-301F-11D3-BF4B-00C04F79EFBC}") = "Aura.RT", "Aura.RT\Aura.RT.csproj", "{DF6AE8EB-DABB-4E13-AC3F-E60DC09E6E12}"
EndProject
Project("{FAE04EC0-301F-11D3-BF4B-00C04F79EFBC}") = "Aura.UWP", "Aura.UWP\Aura.UWP.csproj", "{5C5882FF-C74A-4F05-BD84-45BF6909E733}"
EndProject
Global
	GlobalSection(SharedMSBuildProjectFiles) = preSolution
		Aura.Core\Aura.Core.projitems*{3c16af16-330b-48e5-96d5-7f281543e0b4}*SharedItemsImports = 13
		Aura.Core\Aura.Core.projitems*{5c5882ff-c74a-4f05-bd84-45bf6909e733}*SharedItemsImports = 4
		Aura.Core\Aura.Core.projitems*{df6ae8eb-dabb-4e13-ac3f-e60dc09e6e12}*SharedItemsImports = 4
	EndGlobalSection
	GlobalSection(SolutionConfigurationPlatforms) = preSolution
		Debug|Any CPU = Debug|Any CPU
		Debug|ARM = Debug|ARM
		Debug|x64 = Debug|x64
		Debug|x86 = Debug|x86
		Release|Any CPU = Release|Any CPU
		Release|ARM = Release|ARM
		Release|x64 = Release|x64
		Release|x86 = Release|x86
	EndGlobalSection
	GlobalSection(ProjectConfigurationPlatforms) = postSolution
		{DF6AE8EB-DABB-4E13-AC3F-E60DC09E6E12}.Debug|Any CPU.ActiveCfg = Debug|Any CPU
		{DF6AE8EB-DABB-4E13-AC3F-E60DC09E6E12}.Debug|Any CPU.Build.0 = Debug|Any CPU
		{DF6AE8EB-DABB-4E13-AC3F-E60DC09E6E12}.Debug|ARM.ActiveCfg = Debug|ARM
		{DF6AE8EB-DABB-4E13-AC3F-E60DC09E6E12}.Debug|ARM.Build.0 = Debug|ARM
		{DF6AE8EB-DABB-4E13-AC3F-E60DC09E6E12}.Debug|x64.ActiveCfg = Debug|Any CPU
		{DF6AE8EB-DABB-4E13-AC3F-E60DC09E6E12}.Debug|x64.Build.0 = Debug|Any CPU
		{DF6AE8EB-DABB-4E13-AC3F-E60DC09E6E12}.Debug|x86.ActiveCfg = Debug|x86
		{DF6AE8EB-DABB-4E13-AC3F-E60DC09E6E12}.Debug|x86.Build.0 = Debug|x86
		{DF6AE8EB-DABB-4E13-AC3F-E60DC09E6E12}.Release|Any CPU.ActiveCfg = Release|Any CPU
		{DF6AE8EB-DABB-4E13-AC3F-E60DC09E6E12}.Release|Any CPU.Build.0 = Release|Any CPU
		{DF6AE8EB-DABB-4E13-AC3F-E60DC09E6E12}.Release|ARM.ActiveCfg = Release|ARM
		{DF6AE8EB-DABB-4E13-AC3F-E60DC09E6E12}.Release|ARM.Build.0 = Release|ARM
		{DF6AE8EB-DABB-4E13-AC3F-E60DC09E6E12}.Release|x64.ActiveCfg = Release|Any CPU
		{DF6AE8EB-DABB-4E13-AC3F-E60DC09E6E12}.Release|x64.Build.0 = Release|Any CPU
		{DF6AE8EB-DABB-4E13-AC3F-E60DC09E6E12}.Release|x86.ActiveCfg = Release|x86
		{DF6AE8EB-DABB-4E13-AC3F-E60DC09E6E12}.Release|x86.Build.0 = Release|x86
		{5C5882FF-C74A-4F05-BD84-45BF6909E733}.Debug|Any CPU.ActiveCfg = Debug|Any CPU
		{5C5882FF-C74A-4F05-BD84-45BF6909E733}.Debug|Any CPU.Build.0 = Debug|Any CPU
		{5C5882FF-C74A-4F05-BD84-45BF6909E733}.Debug|ARM.ActiveCfg = Debug|ARM
		{5C5882FF-C74A-4F05-BD84-45BF6909E733}.Debug|ARM.Build.0 = Debug|ARM
		{5C5882FF-C74A-4F05-BD84-45BF6909E733}.Debug|x64.ActiveCfg = Debug|x64
		{5C5882FF-C74A-4F05-BD84-45BF6909E733}.Debug|x64.Build.0 = Debug|x64
		{5C5882FF-C74A-4F05-BD84-45BF6909E733}.Debug|x86.ActiveCfg = Debug|x86
		{5C5882FF-C74A-4F05-BD84-45BF6909E733}.Debug|x86.Build.0 = Debug|x86
		{5C5882FF-C74A-4F05-BD84-45BF6909E733}.Release|Any CPU.ActiveCfg = Release|Any CPU
		{5C5882FF-C74A-4F05-BD84-45BF6909E733}.Release|Any CPU.Build.0 = Release|Any CPU
		{5C5882FF-C74A-4F05-BD84-45BF6909E733}.Release|ARM.ActiveCfg = Release|ARM
		{5C5882FF-C74A-4F05-BD84-45BF6909E733}.Release|ARM.Build.0 = Release|ARM
		{5C5882FF-C74A-4F05-BD84-45BF6909E733}.Release|x64.ActiveCfg = Release|x64
		{5C5882FF-C74A-4F05-BD84-45BF6909E733}.Release|x64.Build.0 = Release|x64
		{5C5882FF-C74A-4F05-BD84-45BF6909E733}.Release|x86.ActiveCfg = Release|x86
		{5C5882FF-C74A-4F05-BD84-45BF6909E733}.Release|x86.Build.0 = Release|x86
	EndGlobalSection
	GlobalSection(SolutionProperties) = preSolution
		HideSolutionNode = FALSE
	EndGlobalSection
EndGlobal
