
Microsoft Visual Studio Solution File, Format Version 12.00
# Visual Studio 14
VisualStudioVersion = 14.0.25123.0
MinimumVisualStudioVersion = 10.0.40219.1
Project("{FAE04EC0-301F-11D3-BF4B-00C04F79EFBC}") = "AuraRT", "AuraRT\AuraRT.csproj", "{3A05ED55-0F21-4D2C-8EAF-61A5AA3C5587}"
EndProject
Project("{FAE04EC0-301F-11D3-BF4B-00C04F79EFBC}") = "AuraUWP", "AuraUWP\AuraUWP.csproj", "{27F240A8-8CF5-4CDD-8EE3-048A3CD73FAC}"
EndProject
Global
	GlobalSection(SolutionConfigurationPlatforms) = preSolution
		Debug|Any CPU = Debug|Any CPU
		Debug|ARM = Debug|ARM
		Debug|x64 = Debug|x64
		Debug|x86 = Debug|x86
		Release|Any CPU = Release|Any CPU
		Release|ARM = Release|ARM
		Release|x64 = Release|x64
		Release|x86 = Release|x86
	EndGlobalSection
	GlobalSection(ProjectConfigurationPlatforms) = postSolution
		{3A05ED55-0F21-4D2C-8EAF-61A5AA3C5587}.Debug|Any CPU.ActiveCfg = Debug|Any CPU
		{3A05ED55-0F21-4D2C-8EAF-61A5AA3C5587}.Debug|Any CPU.Build.0 = Debug|Any CPU
		{3A05ED55-0F21-4D2C-8EAF-61A5AA3C5587}.Debug|ARM.ActiveCfg = Debug|ARM
		{3A05ED55-0F21-4D2C-8EAF-61A5AA3C5587}.Debug|ARM.Build.0 = Debug|ARM
		{3A05ED55-0F21-4D2C-8EAF-61A5AA3C5587}.Debug|x64.ActiveCfg = Debug|Any CPU
		{3A05ED55-0F21-4D2C-8EAF-61A5AA3C5587}.Debug|x64.Build.0 = Debug|Any CPU
		{3A05ED55-0F21-4D2C-8EAF-61A5AA3C5587}.Debug|x86.ActiveCfg = Debug|x86
		{3A05ED55-0F21-4D2C-8EAF-61A5AA3C5587}.Debug|x86.Build.0 = Debug|x86
		{3A05ED55-0F21-4D2C-8EAF-61A5AA3C5587}.Release|Any CPU.ActiveCfg = Release|Any CPU
		{3A05ED55-0F21-4D2C-8EAF-61A5AA3C5587}.Release|Any CPU.Build.0 = Release|Any CPU
		{3A05ED55-0F21-4D2C-8EAF-61A5AA3C5587}.Release|ARM.ActiveCfg = Release|ARM
		{3A05ED55-0F21-4D2C-8EAF-61A5AA3C5587}.Release|ARM.Build.0 = Release|ARM
		{3A05ED55-0F21-4D2C-8EAF-61A5AA3C5587}.Release|x64.ActiveCfg = Release|Any CPU
		{3A05ED55-0F21-4D2C-8EAF-61A5AA3C5587}.Release|x64.Build.0 = Release|Any CPU
		{3A05ED55-0F21-4D2C-8EAF-61A5AA3C5587}.Release|x86.ActiveCfg = Release|x86
		{3A05ED55-0F21-4D2C-8EAF-61A5AA3C5587}.Release|x86.Build.0 = Release|x86
		{27F240A8-8CF5-4CDD-8EE3-048A3CD73FAC}.Debug|Any CPU.ActiveCfg = Debug|Any CPU
		{27F240A8-8CF5-4CDD-8EE3-048A3CD73FAC}.Debug|Any CPU.Build.0 = Debug|Any CPU
		{27F240A8-8CF5-4CDD-8EE3-048A3CD73FAC}.Debug|ARM.ActiveCfg = Debug|ARM
		{27F240A8-8CF5-4CDD-8EE3-048A3CD73FAC}.Debug|ARM.Build.0 = Debug|ARM
		{27F240A8-8CF5-4CDD-8EE3-048A3CD73FAC}.Debug|x64.ActiveCfg = Debug|x64
		{27F240A8-8CF5-4CDD-8EE3-048A3CD73FAC}.Debug|x64.Build.0 = Debug|x64
		{27F240A8-8CF5-4CDD-8EE3-048A3CD73FAC}.Debug|x86.ActiveCfg = Debug|x86
		{27F240A8-8CF5-4CDD-8EE3-048A3CD73FAC}.Debug|x86.Build.0 = Debug|x86
		{27F240A8-8CF5-4CDD-8EE3-048A3CD73FAC}.Release|Any CPU.ActiveCfg = Release|Any CPU
		{27F240A8-8CF5-4CDD-8EE3-048A3CD73FAC}.Release|Any CPU.Build.0 = Release|Any CPU
		{27F240A8-8CF5-4CDD-8EE3-048A3CD73FAC}.Release|ARM.ActiveCfg = Release|ARM
		{27F240A8-8CF5-4CDD-8EE3-048A3CD73FAC}.Release|ARM.Build.0 = Release|ARM
		{27F240A8-8CF5-4CDD-8EE3-048A3CD73FAC}.Release|x64.ActiveCfg = Release|x64
		{27F240A8-8CF5-4CDD-8EE3-048A3CD73FAC}.Release|x64.Build.0 = Release|x64
		{27F240A8-8CF5-4CDD-8EE3-048A3CD73FAC}.Release|x86.ActiveCfg = Release|x86
		{27F240A8-8CF5-4CDD-8EE3-048A3CD73FAC}.Release|x86.Build.0 = Release|x86
	EndGlobalSection
	GlobalSection(SolutionProperties) = preSolution
		HideSolutionNode = FALSE
	EndGlobalSection
EndGlobal
